
Microsoft Visual Studio Solution File, Format Version 12.00
# Visual Studio 15
VisualStudioVersion = 15.0.28010.2036
MinimumVisualStudioVersion = 10.0.40219.1
Project("{FAE04EC0-301F-11D3-BF4B-00C04F79EFBC}") = "MyYoutubecode", "MyYoutubecode\MyYoutubecode.csproj", "{9C82FFE4-BA46-4419-BA21-62F6FFE9B369}"
EndProject
Global
	GlobalSection(SolutionConfigurationPlatforms) = preSolution
		Debug|Any CPU = Debug|Any CPU
		Release|Any CPU = Release|Any CPU
	EndGlobalSection
	GlobalSection(ProjectConfigurationPlatforms) = postSolution
		{9C82FFE4-BA46-4419-BA21-62F6FFE9B369}.Debug|Any CPU.ActiveCfg = Debug|Any CPU
		{9C82FFE4-BA46-4419-BA21-62F6FFE9B369}.Debug|Any CPU.Build.0 = Debug|Any CPU
		{9C82FFE4-BA46-4419-BA21-62F6FFE9B369}.Release|Any CPU.ActiveCfg = Release|Any CPU
		{9C82FFE4-BA46-4419-BA21-62F6FFE9B369}.Release|Any CPU.Build.0 = Release|Any CPU
	EndGlobalSection
	GlobalSection(SolutionProperties) = preSolution
		HideSolutionNode = FALSE
	EndGlobalSection
	GlobalSection(ExtensibilityGlobals) = postSolution
		SolutionGuid = {6869A08F-D4DC-473D-B7FF-64FAA55CED7F}
	EndGlobalSection
EndGlobal
