
Microsoft Visual Studio Solution File, Format Version 12.00
# Visual Studio 15
VisualStudioVersion = 15.0.28010.2036
MinimumVisualStudioVersion = 10.0.40219.1
Project("{FAE04EC0-301F-11D3-BF4B-00C04F79EFBC}") = "26march-1", "26march-1\26march-1.csproj", "{3474AAED-25E9-4E2E-911C-C65575FE4329}"
EndProject
Global
	GlobalSection(SolutionConfigurationPlatforms) = preSolution
		Debug|Any CPU = Debug|Any CPU
		Release|Any CPU = Release|Any CPU
	EndGlobalSection
	GlobalSection(ProjectConfigurationPlatforms) = postSolution
		{3474AAED-25E9-4E2E-911C-C65575FE4329}.Debug|Any CPU.ActiveCfg = Debug|Any CPU
		{3474AAED-25E9-4E2E-911C-C65575FE4329}.Debug|Any CPU.Build.0 = Debug|Any CPU
		{3474AAED-25E9-4E2E-911C-C65575FE4329}.Release|Any CPU.ActiveCfg = Release|Any CPU
		{3474AAED-25E9-4E2E-911C-C65575FE4329}.Release|Any CPU.Build.0 = Release|Any CPU
	EndGlobalSection
	GlobalSection(SolutionProperties) = preSolution
		HideSolutionNode = FALSE
	EndGlobalSection
	GlobalSection(ExtensibilityGlobals) = postSolution
		SolutionGuid = {C64D492A-A08F-4C92-BC34-6B372DF00DAE}
	EndGlobalSection
EndGlobal
